// !$*UTF8*$!
{
	archiveVersion = 1;
	classes = {
	};
	objectVersion = 55;
	objects = {

/* Begin PBXBuildFile section */
		0C7FC04C2832EFE6006FE686 /* GoogleService-Info.plist in Resources */ = {isa = PBXBuildFile; fileRef = 0C7FC04B2832EFE6006FE686 /* GoogleService-Info.plist */; };
		0C7FC04E2832FC70006FE686 /* AppDelegate.swift in Sources */ = {isa = PBXBuildFile; fileRef = 0C7FC04D2832FC70006FE686 /* AppDelegate.swift */; };
		0C7FC052283305DD006FE686 /* UIImage+.swift in Sources */ = {isa = PBXBuildFile; fileRef = 0C7FC051283305DD006FE686 /* UIImage+.swift */; };
		0C7FC055283311EE006FE686 /* ImageSaver.swift in Sources */ = {isa = PBXBuildFile; fileRef = 0C7FC054283311EE006FE686 /* ImageSaver.swift */; };
		0C9218CD2831242B000FC55C /* GoodOnesApp.swift in Sources */ = {isa = PBXBuildFile; fileRef = 0C9218CC2831242B000FC55C /* GoodOnesApp.swift */; };
		0C9218CF2831242B000FC55C /* CardCollectionView.swift in Sources */ = {isa = PBXBuildFile; fileRef = 0C9218CE2831242B000FC55C /* CardCollectionView.swift */; };
		0C9218D12831242E000FC55C /* Assets.xcassets in Resources */ = {isa = PBXBuildFile; fileRef = 0C9218D02831242E000FC55C /* Assets.xcassets */; };
		0C9218D42831242E000FC55C /* Preview Assets.xcassets in Resources */ = {isa = PBXBuildFile; fileRef = 0C9218D32831242E000FC55C /* Preview Assets.xcassets */; };
		0C9218FB283147F8000FC55C /* Picture.swift in Sources */ = {isa = PBXBuildFile; fileRef = 0C9218FA283147F8000FC55C /* Picture.swift */; };
		0C9218FD28314853000FC55C /* IPictureProvider.swift in Sources */ = {isa = PBXBuildFile; fileRef = 0C9218FC28314853000FC55C /* IPictureProvider.swift */; };
		0C9218FF28314874000FC55C /* LocalPictureProvider.swift in Sources */ = {isa = PBXBuildFile; fileRef = 0C9218FE28314874000FC55C /* LocalPictureProvider.swift */; };
		0C92190128314885000FC55C /* GooglePhotoPictureProvider.swift in Sources */ = {isa = PBXBuildFile; fileRef = 0C92190028314885000FC55C /* GooglePhotoPictureProvider.swift */; };
		0C921903283148B6000FC55C /* CameraRollPictureProvider.swift in Sources */ = {isa = PBXBuildFile; fileRef = 0C921902283148B6000FC55C /* CameraRollPictureProvider.swift */; };
		0C92190528314C71000FC55C /* CardCollectionViewModel.swift in Sources */ = {isa = PBXBuildFile; fileRef = 0C92190428314C71000FC55C /* CardCollectionViewModel.swift */; };
		0C92190728314EA8000FC55C /* CardCellView.swift in Sources */ = {isa = PBXBuildFile; fileRef = 0C92190628314EA8000FC55C /* CardCellView.swift */; };
		0C92190928315E06000FC55C /* DragState.swift in Sources */ = {isa = PBXBuildFile; fileRef = 0C92190828315E06000FC55C /* DragState.swift */; };
		0C92190E283173F4000FC55C /* SymbolModifier.swift in Sources */ = {isa = PBXBuildFile; fileRef = 0C92190D283173F4000FC55C /* SymbolModifier.swift */; };
		0C92191328317CDA000FC55C /* IRepository.swift in Sources */ = {isa = PBXBuildFile; fileRef = 0C92191228317CDA000FC55C /* IRepository.swift */; };
		0C92191528317CF0000FC55C /* FakeRepository.swift in Sources */ = {isa = PBXBuildFile; fileRef = 0C92191428317CF0000FC55C /* FakeRepository.swift */; };
		0C92191B2831AD36000FC55C /* Feedback.swift in Sources */ = {isa = PBXBuildFile; fileRef = 0C92191A2831AD36000FC55C /* Feedback.swift */; };
		0C9219212831B98B000FC55C /* CongratulationsView.swift in Sources */ = {isa = PBXBuildFile; fileRef = 0C9219202831B98B000FC55C /* CongratulationsView.swift */; };
		0C9219232831BB38000FC55C /* FireworksModifier.swift in Sources */ = {isa = PBXBuildFile; fileRef = 0C9219222831BB38000FC55C /* FireworksModifier.swift */; };
		0C9219252831BB80000FC55C /* FireworksGeometryEffect.swift in Sources */ = {isa = PBXBuildFile; fileRef = 0C9219242831BB80000FC55C /* FireworksGeometryEffect.swift */; };
		0C9219272831C269000FC55C /* OnboardingView.swift in Sources */ = {isa = PBXBuildFile; fileRef = 0C9219262831C269000FC55C /* OnboardingView.swift */; };
		0C92192D2831C911000FC55C /* ScaleTextSizeModifier.swift in Sources */ = {isa = PBXBuildFile; fileRef = 0C92192C2831C911000FC55C /* ScaleTextSizeModifier.swift */; };
		0C92192F2831C951000FC55C /* View+.swift in Sources */ = {isa = PBXBuildFile; fileRef = 0C92192E2831C951000FC55C /* View+.swift */; };
		0C9219332831EF82000FC55C /* Date+.swift in Sources */ = {isa = PBXBuildFile; fileRef = 0C9219322831EF82000FC55C /* Date+.swift */; };
		0C92193528327E24000FC55C /* UserDefaultsRepository.swift in Sources */ = {isa = PBXBuildFile; fileRef = 0C92193428327E24000FC55C /* UserDefaultsRepository.swift */; };
		0C9219372832C143000FC55C /* OnboardingViewModel.swift in Sources */ = {isa = PBXBuildFile; fileRef = 0C9219362832C143000FC55C /* OnboardingViewModel.swift */; };
		0C9219392832C6B5000FC55C /* SetupView.swift in Sources */ = {isa = PBXBuildFile; fileRef = 0C9219382832C6B5000FC55C /* SetupView.swift */; };
		0C92193B2832C9E2000FC55C /* SetupViewModel.swift in Sources */ = {isa = PBXBuildFile; fileRef = 0C92193A2832C9E2000FC55C /* SetupViewModel.swift */; };
		0C92193E2832D6E4000FC55C /* Global.swift in Sources */ = {isa = PBXBuildFile; fileRef = 0C92193D2832D6E4000FC55C /* Global.swift */; };
		43569ED9B9A186C29DCA24CF /* Pods_Good_Ones.framework in Frameworks */ = {isa = PBXBuildFile; fileRef = D2FEF0B6950FFE9C1C9C8AF3 /* Pods_Good_Ones.framework */; };
		A2520A0D80D6B6E62536512B /* Pods_Good_OnesTests.framework in Frameworks */ = {isa = PBXBuildFile; fileRef = 94AB7C19AACD2487E7C6BDC5 /* Pods_Good_OnesTests.framework */; };
		F06DC232117E3A347CBCE17A /* Pods_Good_Ones_Good_OnesUITests.framework in Frameworks */ = {isa = PBXBuildFile; fileRef = 29C515C2B1FF9570E5FA5F26 /* Pods_Good_Ones_Good_OnesUITests.framework */; };
/* End PBXBuildFile section */

/* Begin PBXContainerItemProxy section */
		0C9218DA2831242F000FC55C /* PBXContainerItemProxy */ = {
			isa = PBXContainerItemProxy;
			containerPortal = 0C9218C12831242B000FC55C /* Project object */;
			proxyType = 1;
			remoteGlobalIDString = 0C9218C82831242B000FC55C;
			remoteInfo = "Good Ones";
		};
		0C9218E42831242F000FC55C /* PBXContainerItemProxy */ = {
			isa = PBXContainerItemProxy;
			containerPortal = 0C9218C12831242B000FC55C /* Project object */;
			proxyType = 1;
			remoteGlobalIDString = 0C9218C82831242B000FC55C;
			remoteInfo = "Good Ones";
		};
/* End PBXContainerItemProxy section */

/* Begin PBXFileReference section */
		0C7FC04B2832EFE6006FE686 /* GoogleService-Info.plist */ = {isa = PBXFileReference; fileEncoding = 4; lastKnownFileType = text.plist.xml; path = "GoogleService-Info.plist"; sourceTree = "<group>"; };
		0C7FC04D2832FC70006FE686 /* AppDelegate.swift */ = {isa = PBXFileReference; lastKnownFileType = sourcecode.swift; path = AppDelegate.swift; sourceTree = "<group>"; };
		0C7FC051283305DD006FE686 /* UIImage+.swift */ = {isa = PBXFileReference; lastKnownFileType = sourcecode.swift; path = "UIImage+.swift"; sourceTree = "<group>"; };
		0C7FC054283311EE006FE686 /* ImageSaver.swift */ = {isa = PBXFileReference; lastKnownFileType = sourcecode.swift; path = ImageSaver.swift; sourceTree = "<group>"; };
		0C9218C92831242B000FC55C /* Good Ones.app */ = {isa = PBXFileReference; explicitFileType = wrapper.application; includeInIndex = 0; path = "Good Ones.app"; sourceTree = BUILT_PRODUCTS_DIR; };
		0C9218CC2831242B000FC55C /* GoodOnesApp.swift */ = {isa = PBXFileReference; lastKnownFileType = sourcecode.swift; path = GoodOnesApp.swift; sourceTree = "<group>"; };
		0C9218CE2831242B000FC55C /* CardCollectionView.swift */ = {isa = PBXFileReference; lastKnownFileType = sourcecode.swift; path = CardCollectionView.swift; sourceTree = "<group>"; };
		0C9218D02831242E000FC55C /* Assets.xcassets */ = {isa = PBXFileReference; lastKnownFileType = folder.assetcatalog; path = Assets.xcassets; sourceTree = "<group>"; };
		0C9218D32831242E000FC55C /* Preview Assets.xcassets */ = {isa = PBXFileReference; lastKnownFileType = folder.assetcatalog; path = "Preview Assets.xcassets"; sourceTree = "<group>"; };
		0C9218D92831242F000FC55C /* Good OnesTests.xctest */ = {isa = PBXFileReference; explicitFileType = wrapper.cfbundle; includeInIndex = 0; path = "Good OnesTests.xctest"; sourceTree = BUILT_PRODUCTS_DIR; };
		0C9218E32831242F000FC55C /* Good OnesUITests.xctest */ = {isa = PBXFileReference; explicitFileType = wrapper.cfbundle; includeInIndex = 0; path = "Good OnesUITests.xctest"; sourceTree = BUILT_PRODUCTS_DIR; };
		0C9218FA283147F8000FC55C /* Picture.swift */ = {isa = PBXFileReference; lastKnownFileType = sourcecode.swift; path = Picture.swift; sourceTree = "<group>"; };
		0C9218FC28314853000FC55C /* IPictureProvider.swift */ = {isa = PBXFileReference; lastKnownFileType = sourcecode.swift; path = IPictureProvider.swift; sourceTree = "<group>"; };
		0C9218FE28314874000FC55C /* LocalPictureProvider.swift */ = {isa = PBXFileReference; lastKnownFileType = sourcecode.swift; path = LocalPictureProvider.swift; sourceTree = "<group>"; };
		0C92190028314885000FC55C /* GooglePhotoPictureProvider.swift */ = {isa = PBXFileReference; lastKnownFileType = sourcecode.swift; path = GooglePhotoPictureProvider.swift; sourceTree = "<group>"; };
		0C921902283148B6000FC55C /* CameraRollPictureProvider.swift */ = {isa = PBXFileReference; lastKnownFileType = sourcecode.swift; path = CameraRollPictureProvider.swift; sourceTree = "<group>"; };
		0C92190428314C71000FC55C /* CardCollectionViewModel.swift */ = {isa = PBXFileReference; lastKnownFileType = sourcecode.swift; path = CardCollectionViewModel.swift; sourceTree = "<group>"; };
		0C92190628314EA8000FC55C /* CardCellView.swift */ = {isa = PBXFileReference; lastKnownFileType = sourcecode.swift; path = CardCellView.swift; sourceTree = "<group>"; };
		0C92190828315E06000FC55C /* DragState.swift */ = {isa = PBXFileReference; lastKnownFileType = sourcecode.swift; path = DragState.swift; sourceTree = "<group>"; };
		0C92190D283173F4000FC55C /* SymbolModifier.swift */ = {isa = PBXFileReference; lastKnownFileType = sourcecode.swift; path = SymbolModifier.swift; sourceTree = "<group>"; };
		0C92191228317CDA000FC55C /* IRepository.swift */ = {isa = PBXFileReference; lastKnownFileType = sourcecode.swift; path = IRepository.swift; sourceTree = "<group>"; };
		0C92191428317CF0000FC55C /* FakeRepository.swift */ = {isa = PBXFileReference; lastKnownFileType = sourcecode.swift; path = FakeRepository.swift; sourceTree = "<group>"; };
		0C92191A2831AD36000FC55C /* Feedback.swift */ = {isa = PBXFileReference; lastKnownFileType = sourcecode.swift; path = Feedback.swift; sourceTree = "<group>"; };
		0C9219202831B98B000FC55C /* CongratulationsView.swift */ = {isa = PBXFileReference; lastKnownFileType = sourcecode.swift; path = CongratulationsView.swift; sourceTree = "<group>"; };
		0C9219222831BB38000FC55C /* FireworksModifier.swift */ = {isa = PBXFileReference; lastKnownFileType = sourcecode.swift; path = FireworksModifier.swift; sourceTree = "<group>"; };
		0C9219242831BB80000FC55C /* FireworksGeometryEffect.swift */ = {isa = PBXFileReference; lastKnownFileType = sourcecode.swift; path = FireworksGeometryEffect.swift; sourceTree = "<group>"; };
		0C9219262831C269000FC55C /* OnboardingView.swift */ = {isa = PBXFileReference; lastKnownFileType = sourcecode.swift; path = OnboardingView.swift; sourceTree = "<group>"; };
		0C92192C2831C911000FC55C /* ScaleTextSizeModifier.swift */ = {isa = PBXFileReference; lastKnownFileType = sourcecode.swift; path = ScaleTextSizeModifier.swift; sourceTree = "<group>"; };
		0C92192E2831C951000FC55C /* View+.swift */ = {isa = PBXFileReference; lastKnownFileType = sourcecode.swift; path = "View+.swift"; sourceTree = "<group>"; };
		0C9219322831EF82000FC55C /* Date+.swift */ = {isa = PBXFileReference; lastKnownFileType = sourcecode.swift; path = "Date+.swift"; sourceTree = "<group>"; };
		0C92193428327E24000FC55C /* UserDefaultsRepository.swift */ = {isa = PBXFileReference; lastKnownFileType = sourcecode.swift; path = UserDefaultsRepository.swift; sourceTree = "<group>"; };
		0C9219362832C143000FC55C /* OnboardingViewModel.swift */ = {isa = PBXFileReference; lastKnownFileType = sourcecode.swift; path = OnboardingViewModel.swift; sourceTree = "<group>"; };
		0C9219382832C6B5000FC55C /* SetupView.swift */ = {isa = PBXFileReference; lastKnownFileType = sourcecode.swift; path = SetupView.swift; sourceTree = "<group>"; };
		0C92193A2832C9E2000FC55C /* SetupViewModel.swift */ = {isa = PBXFileReference; lastKnownFileType = sourcecode.swift; path = SetupViewModel.swift; sourceTree = "<group>"; };
		0C92193D2832D6E4000FC55C /* Global.swift */ = {isa = PBXFileReference; lastKnownFileType = sourcecode.swift; path = Global.swift; sourceTree = "<group>"; };
		29C515C2B1FF9570E5FA5F26 /* Pods_Good_Ones_Good_OnesUITests.framework */ = {isa = PBXFileReference; explicitFileType = wrapper.framework; includeInIndex = 0; path = Pods_Good_Ones_Good_OnesUITests.framework; sourceTree = BUILT_PRODUCTS_DIR; };
		3BCA3BBA4D7FB235A003D1EB /* Pods-Good Ones-Good OnesUITests.debug.xcconfig */ = {isa = PBXFileReference; includeInIndex = 1; lastKnownFileType = text.xcconfig; name = "Pods-Good Ones-Good OnesUITests.debug.xcconfig"; path = "Target Support Files/Pods-Good Ones-Good OnesUITests/Pods-Good Ones-Good OnesUITests.debug.xcconfig"; sourceTree = "<group>"; };
		4B4FF560F8E87C281783CA3A /* Pods-Good OnesTests.release.xcconfig */ = {isa = PBXFileReference; includeInIndex = 1; lastKnownFileType = text.xcconfig; name = "Pods-Good OnesTests.release.xcconfig"; path = "Target Support Files/Pods-Good OnesTests/Pods-Good OnesTests.release.xcconfig"; sourceTree = "<group>"; };
		4E0783B995BA1E9239AEC34B /* Pods-Good Ones-Good OnesUITests.release.xcconfig */ = {isa = PBXFileReference; includeInIndex = 1; lastKnownFileType = text.xcconfig; name = "Pods-Good Ones-Good OnesUITests.release.xcconfig"; path = "Target Support Files/Pods-Good Ones-Good OnesUITests/Pods-Good Ones-Good OnesUITests.release.xcconfig"; sourceTree = "<group>"; };
		5D2019E3C14B0D8D2E620D5D /* Pods-Good OnesTests.debug.xcconfig */ = {isa = PBXFileReference; includeInIndex = 1; lastKnownFileType = text.xcconfig; name = "Pods-Good OnesTests.debug.xcconfig"; path = "Target Support Files/Pods-Good OnesTests/Pods-Good OnesTests.debug.xcconfig"; sourceTree = "<group>"; };
		796BEB7A9BE2198FF0EA3729 /* Pods-Good Ones.debug.xcconfig */ = {isa = PBXFileReference; includeInIndex = 1; lastKnownFileType = text.xcconfig; name = "Pods-Good Ones.debug.xcconfig"; path = "Target Support Files/Pods-Good Ones/Pods-Good Ones.debug.xcconfig"; sourceTree = "<group>"; };
		8C274AFB92B3A38AFED5FAAF /* Pods-Good Ones.release.xcconfig */ = {isa = PBXFileReference; includeInIndex = 1; lastKnownFileType = text.xcconfig; name = "Pods-Good Ones.release.xcconfig"; path = "Target Support Files/Pods-Good Ones/Pods-Good Ones.release.xcconfig"; sourceTree = "<group>"; };
		94AB7C19AACD2487E7C6BDC5 /* Pods_Good_OnesTests.framework */ = {isa = PBXFileReference; explicitFileType = wrapper.framework; includeInIndex = 0; path = Pods_Good_OnesTests.framework; sourceTree = BUILT_PRODUCTS_DIR; };
		D2FEF0B6950FFE9C1C9C8AF3 /* Pods_Good_Ones.framework */ = {isa = PBXFileReference; explicitFileType = wrapper.framework; includeInIndex = 0; path = Pods_Good_Ones.framework; sourceTree = BUILT_PRODUCTS_DIR; };
/* End PBXFileReference section */

/* Begin PBXFrameworksBuildPhase section */
		0C9218C62831242B000FC55C /* Frameworks */ = {
			isa = PBXFrameworksBuildPhase;
			buildActionMask = 2147483647;
			files = (
				43569ED9B9A186C29DCA24CF /* Pods_Good_Ones.framework in Frameworks */,
			);
			runOnlyForDeploymentPostprocessing = 0;
		};
		0C9218D62831242F000FC55C /* Frameworks */ = {
			isa = PBXFrameworksBuildPhase;
			buildActionMask = 2147483647;
			files = (
				A2520A0D80D6B6E62536512B /* Pods_Good_OnesTests.framework in Frameworks */,
			);
			runOnlyForDeploymentPostprocessing = 0;
		};
		0C9218E02831242F000FC55C /* Frameworks */ = {
			isa = PBXFrameworksBuildPhase;
			buildActionMask = 2147483647;
			files = (
				F06DC232117E3A347CBCE17A /* Pods_Good_Ones_Good_OnesUITests.framework in Frameworks */,
			);
			runOnlyForDeploymentPostprocessing = 0;
		};
/* End PBXFrameworksBuildPhase section */

/* Begin PBXGroup section */
		0C7FC053283311D7006FE686 /* IO */ = {
			isa = PBXGroup;
			children = (
				0C7FC054283311EE006FE686 /* ImageSaver.swift */,
			);
			path = IO;
			sourceTree = "<group>";
		};
		0C9218C02831242B000FC55C = {
			isa = PBXGroup;
			children = (
				0C7FC04B2832EFE6006FE686 /* GoogleService-Info.plist */,
				0C9218CB2831242B000FC55C /* Good Ones */,
				0C9218CA2831242B000FC55C /* Products */,
				41DA8491972C23B31625B0AD /* Pods */,
				7AA16F9EF3CE59374A6DAAE1 /* Frameworks */,
			);
			sourceTree = "<group>";
		};
		0C9218CA2831242B000FC55C /* Products */ = {
			isa = PBXGroup;
			children = (
				0C9218C92831242B000FC55C /* Good Ones.app */,
				0C9218D92831242F000FC55C /* Good OnesTests.xctest */,
				0C9218E32831242F000FC55C /* Good OnesUITests.xctest */,
			);
			name = Products;
			sourceTree = "<group>";
		};
		0C9218CB2831242B000FC55C /* Good Ones */ = {
			isa = PBXGroup;
			children = (
				0C92193C2832D6DA000FC55C /* App */,
				0C92191C2831B5EA000FC55C /* Extension */,
				0C9219192831AD29000FC55C /* Util */,
				0C92190C283173DD000FC55C /* Modifier */,
				0C9218F828314796000FC55C /* ViewModel */,
				0C9218F728314792000FC55C /* View */,
				0C9218F62831478D000FC55C /* Model */,
				0C9218CC2831242B000FC55C /* GoodOnesApp.swift */,
				0C9218D02831242E000FC55C /* Assets.xcassets */,
				0C9218D22831242E000FC55C /* Preview Content */,
			);
			path = "Good Ones";
			sourceTree = "<group>";
		};
		0C9218D22831242E000FC55C /* Preview Content */ = {
			isa = PBXGroup;
			children = (
				0C9218D32831242E000FC55C /* Preview Assets.xcassets */,
			);
			path = "Preview Content";
			sourceTree = "<group>";
		};
		0C9218F62831478D000FC55C /* Model */ = {
			isa = PBXGroup;
			children = (
				0C7FC053283311D7006FE686 /* IO */,
				0C92191128317CB6000FC55C /* Repository */,
				0C92191028317CB1000FC55C /* Entity */,
				0C92190F28317CA2000FC55C /* Provider */,
			);
			path = Model;
			sourceTree = "<group>";
		};
		0C9218F728314792000FC55C /* View */ = {
			isa = PBXGroup;
			children = (
				0C92191F2831B978000FC55C /* Util */,
				0C9218CE2831242B000FC55C /* CardCollectionView.swift */,
				0C92190628314EA8000FC55C /* CardCellView.swift */,
				0C9219202831B98B000FC55C /* CongratulationsView.swift */,
				0C9219242831BB80000FC55C /* FireworksGeometryEffect.swift */,
				0C9219262831C269000FC55C /* OnboardingView.swift */,
				0C9219382832C6B5000FC55C /* SetupView.swift */,
			);
			path = View;
			sourceTree = "<group>";
		};
		0C9218F828314796000FC55C /* ViewModel */ = {
			isa = PBXGroup;
			children = (
				0C92190428314C71000FC55C /* CardCollectionViewModel.swift */,
				0C9219362832C143000FC55C /* OnboardingViewModel.swift */,
				0C92193A2832C9E2000FC55C /* SetupViewModel.swift */,
			);
			path = ViewModel;
			sourceTree = "<group>";
		};
		0C92190C283173DD000FC55C /* Modifier */ = {
			isa = PBXGroup;
			children = (
				0C92190D283173F4000FC55C /* SymbolModifier.swift */,
				0C9219222831BB38000FC55C /* FireworksModifier.swift */,
				0C92192C2831C911000FC55C /* ScaleTextSizeModifier.swift */,
			);
			path = Modifier;
			sourceTree = "<group>";
		};
		0C92190F28317CA2000FC55C /* Provider */ = {
			isa = PBXGroup;
			children = (
				0C9218FE28314874000FC55C /* LocalPictureProvider.swift */,
				0C9218FC28314853000FC55C /* IPictureProvider.swift */,
				0C92190028314885000FC55C /* GooglePhotoPictureProvider.swift */,
				0C921902283148B6000FC55C /* CameraRollPictureProvider.swift */,
			);
			path = Provider;
			sourceTree = "<group>";
		};
		0C92191028317CB1000FC55C /* Entity */ = {
			isa = PBXGroup;
			children = (
				0C9218FA283147F8000FC55C /* Picture.swift */,
			);
			path = Entity;
			sourceTree = "<group>";
		};
		0C92191128317CB6000FC55C /* Repository */ = {
			isa = PBXGroup;
			children = (
				0C92191228317CDA000FC55C /* IRepository.swift */,
				0C92191428317CF0000FC55C /* FakeRepository.swift */,
				0C92193428327E24000FC55C /* UserDefaultsRepository.swift */,
			);
			path = Repository;
			sourceTree = "<group>";
		};
		0C9219192831AD29000FC55C /* Util */ = {
			isa = PBXGroup;
			children = (
				0C92191A2831AD36000FC55C /* Feedback.swift */,
			);
			path = Util;
			sourceTree = "<group>";
		};
		0C92191C2831B5EA000FC55C /* Extension */ = {
			isa = PBXGroup;
			children = (
				0C92192E2831C951000FC55C /* View+.swift */,
				0C9219322831EF82000FC55C /* Date+.swift */,
				0C7FC051283305DD006FE686 /* UIImage+.swift */,
			);
			path = Extension;
			sourceTree = "<group>";
		};
		0C92191F2831B978000FC55C /* Util */ = {
			isa = PBXGroup;
			children = (
				0C92190828315E06000FC55C /* DragState.swift */,
			);
			path = Util;
			sourceTree = "<group>";
		};
		0C92193C2832D6DA000FC55C /* App */ = {
			isa = PBXGroup;
			children = (
				0C92193D2832D6E4000FC55C /* Global.swift */,
				0C7FC04D2832FC70006FE686 /* AppDelegate.swift */,
			);
			path = App;
			sourceTree = "<group>";
		};
		41DA8491972C23B31625B0AD /* Pods */ = {
			isa = PBXGroup;
			children = (
				796BEB7A9BE2198FF0EA3729 /* Pods-Good Ones.debug.xcconfig */,
				8C274AFB92B3A38AFED5FAAF /* Pods-Good Ones.release.xcconfig */,
				3BCA3BBA4D7FB235A003D1EB /* Pods-Good Ones-Good OnesUITests.debug.xcconfig */,
				4E0783B995BA1E9239AEC34B /* Pods-Good Ones-Good OnesUITests.release.xcconfig */,
				5D2019E3C14B0D8D2E620D5D /* Pods-Good OnesTests.debug.xcconfig */,
				4B4FF560F8E87C281783CA3A /* Pods-Good OnesTests.release.xcconfig */,
			);
			path = Pods;
			sourceTree = "<group>";
		};
		7AA16F9EF3CE59374A6DAAE1 /* Frameworks */ = {
			isa = PBXGroup;
			children = (
				D2FEF0B6950FFE9C1C9C8AF3 /* Pods_Good_Ones.framework */,
				29C515C2B1FF9570E5FA5F26 /* Pods_Good_Ones_Good_OnesUITests.framework */,
				94AB7C19AACD2487E7C6BDC5 /* Pods_Good_OnesTests.framework */,
			);
			name = Frameworks;
			sourceTree = "<group>";
		};
/* End PBXGroup section */

/* Begin PBXNativeTarget section */
		0C9218C82831242B000FC55C /* Good Ones */ = {
			isa = PBXNativeTarget;
			buildConfigurationList = 0C9218ED2831242F000FC55C /* Build configuration list for PBXNativeTarget "Good Ones" */;
			buildPhases = (
				874AD0918EC95E71ABE260FA /* [CP] Check Pods Manifest.lock */,
				0C9218C52831242B000FC55C /* Sources */,
				0C9218C62831242B000FC55C /* Frameworks */,
				0C9218C72831242B000FC55C /* Resources */,
				8DF6E0F962D0743D53613893 /* [CP] Embed Pods Frameworks */,
			);
			buildRules = (
			);
			dependencies = (
			);
			name = "Good Ones";
			productName = "Good Ones";
			productReference = 0C9218C92831242B000FC55C /* Good Ones.app */;
			productType = "com.apple.product-type.application";
		};
		0C9218D82831242F000FC55C /* Good OnesTests */ = {
			isa = PBXNativeTarget;
			buildConfigurationList = 0C9218F02831242F000FC55C /* Build configuration list for PBXNativeTarget "Good OnesTests" */;
			buildPhases = (
				11D7E23195E0955B6F220DEA /* [CP] Check Pods Manifest.lock */,
				0C9218D52831242F000FC55C /* Sources */,
				0C9218D62831242F000FC55C /* Frameworks */,
				0C9218D72831242F000FC55C /* Resources */,
			);
			buildRules = (
			);
			dependencies = (
				0C9218DB2831242F000FC55C /* PBXTargetDependency */,
			);
			name = "Good OnesTests";
			productName = "Good OnesTests";
			productReference = 0C9218D92831242F000FC55C /* Good OnesTests.xctest */;
			productType = "com.apple.product-type.bundle.unit-test";
		};
		0C9218E22831242F000FC55C /* Good OnesUITests */ = {
			isa = PBXNativeTarget;
			buildConfigurationList = 0C9218F32831242F000FC55C /* Build configuration list for PBXNativeTarget "Good OnesUITests" */;
			buildPhases = (
				1E506AB07031DE25F4E32F41 /* [CP] Check Pods Manifest.lock */,
				0C9218DF2831242F000FC55C /* Sources */,
				0C9218E02831242F000FC55C /* Frameworks */,
				0C9218E12831242F000FC55C /* Resources */,
				87E3F359690050707106488A /* [CP] Embed Pods Frameworks */,
			);
			buildRules = (
			);
			dependencies = (
				0C9218E52831242F000FC55C /* PBXTargetDependency */,
			);
			name = "Good OnesUITests";
			productName = "Good OnesUITests";
			productReference = 0C9218E32831242F000FC55C /* Good OnesUITests.xctest */;
			productType = "com.apple.product-type.bundle.ui-testing";
		};
/* End PBXNativeTarget section */

/* Begin PBXProject section */
		0C9218C12831242B000FC55C /* Project object */ = {
			isa = PBXProject;
			attributes = {
				BuildIndependentTargetsInParallel = 1;
				LastSwiftUpdateCheck = 1330;
				LastUpgradeCheck = 1330;
				TargetAttributes = {
					0C9218C82831242B000FC55C = {
						CreatedOnToolsVersion = 13.3.1;
					};
					0C9218D82831242F000FC55C = {
						CreatedOnToolsVersion = 13.3.1;
						TestTargetID = 0C9218C82831242B000FC55C;
					};
					0C9218E22831242F000FC55C = {
						CreatedOnToolsVersion = 13.3.1;
						TestTargetID = 0C9218C82831242B000FC55C;
					};
				};
			};
			buildConfigurationList = 0C9218C42831242B000FC55C /* Build configuration list for PBXProject "Good Ones" */;
			compatibilityVersion = "Xcode 13.0";
			developmentRegion = en;
			hasScannedForEncodings = 0;
			knownRegions = (
				en,
				Base,
			);
			mainGroup = 0C9218C02831242B000FC55C;
			productRefGroup = 0C9218CA2831242B000FC55C /* Products */;
			projectDirPath = "";
			projectRoot = "";
			targets = (
				0C9218C82831242B000FC55C /* Good Ones */,
				0C9218D82831242F000FC55C /* Good OnesTests */,
				0C9218E22831242F000FC55C /* Good OnesUITests */,
			);
		};
/* End PBXProject section */

/* Begin PBXResourcesBuildPhase section */
		0C9218C72831242B000FC55C /* Resources */ = {
			isa = PBXResourcesBuildPhase;
			buildActionMask = 2147483647;
			files = (
				0C7FC04C2832EFE6006FE686 /* GoogleService-Info.plist in Resources */,
				0C9218D42831242E000FC55C /* Preview Assets.xcassets in Resources */,
				0C9218D12831242E000FC55C /* Assets.xcassets in Resources */,
			);
			runOnlyForDeploymentPostprocessing = 0;
		};
		0C9218D72831242F000FC55C /* Resources */ = {
			isa = PBXResourcesBuildPhase;
			buildActionMask = 2147483647;
			files = (
			);
			runOnlyForDeploymentPostprocessing = 0;
		};
		0C9218E12831242F000FC55C /* Resources */ = {
			isa = PBXResourcesBuildPhase;
			buildActionMask = 2147483647;
			files = (
			);
			runOnlyForDeploymentPostprocessing = 0;
		};
/* End PBXResourcesBuildPhase section */

/* Begin PBXShellScriptBuildPhase section */
		11D7E23195E0955B6F220DEA /* [CP] Check Pods Manifest.lock */ = {
			isa = PBXShellScriptBuildPhase;
			buildActionMask = 2147483647;
			files = (
			);
			inputFileListPaths = (
			);
			inputPaths = (
				"${PODS_PODFILE_DIR_PATH}/Podfile.lock",
				"${PODS_ROOT}/Manifest.lock",
			);
			name = "[CP] Check Pods Manifest.lock";
			outputFileListPaths = (
			);
			outputPaths = (
				"$(DERIVED_FILE_DIR)/Pods-Good OnesTests-checkManifestLockResult.txt",
			);
			runOnlyForDeploymentPostprocessing = 0;
			shellPath = /bin/sh;
			shellScript = "diff \"${PODS_PODFILE_DIR_PATH}/Podfile.lock\" \"${PODS_ROOT}/Manifest.lock\" > /dev/null\nif [ $? != 0 ] ; then\n    # print error to STDERR\n    echo \"error: The sandbox is not in sync with the Podfile.lock. Run 'pod install' or update your CocoaPods installation.\" >&2\n    exit 1\nfi\n# This output is used by Xcode 'outputs' to avoid re-running this script phase.\necho \"SUCCESS\" > \"${SCRIPT_OUTPUT_FILE_0}\"\n";
			showEnvVarsInLog = 0;
		};
		1E506AB07031DE25F4E32F41 /* [CP] Check Pods Manifest.lock */ = {
			isa = PBXShellScriptBuildPhase;
			buildActionMask = 2147483647;
			files = (
			);
			inputFileListPaths = (
			);
			inputPaths = (
				"${PODS_PODFILE_DIR_PATH}/Podfile.lock",
				"${PODS_ROOT}/Manifest.lock",
			);
			name = "[CP] Check Pods Manifest.lock";
			outputFileListPaths = (
			);
			outputPaths = (
				"$(DERIVED_FILE_DIR)/Pods-Good Ones-Good OnesUITests-checkManifestLockResult.txt",
			);
			runOnlyForDeploymentPostprocessing = 0;
			shellPath = /bin/sh;
			shellScript = "diff \"${PODS_PODFILE_DIR_PATH}/Podfile.lock\" \"${PODS_ROOT}/Manifest.lock\" > /dev/null\nif [ $? != 0 ] ; then\n    # print error to STDERR\n    echo \"error: The sandbox is not in sync with the Podfile.lock. Run 'pod install' or update your CocoaPods installation.\" >&2\n    exit 1\nfi\n# This output is used by Xcode 'outputs' to avoid re-running this script phase.\necho \"SUCCESS\" > \"${SCRIPT_OUTPUT_FILE_0}\"\n";
			showEnvVarsInLog = 0;
		};
		874AD0918EC95E71ABE260FA /* [CP] Check Pods Manifest.lock */ = {
			isa = PBXShellScriptBuildPhase;
			buildActionMask = 2147483647;
			files = (
			);
			inputFileListPaths = (
			);
			inputPaths = (
				"${PODS_PODFILE_DIR_PATH}/Podfile.lock",
				"${PODS_ROOT}/Manifest.lock",
			);
			name = "[CP] Check Pods Manifest.lock";
			outputFileListPaths = (
			);
			outputPaths = (
				"$(DERIVED_FILE_DIR)/Pods-Good Ones-checkManifestLockResult.txt",
			);
			runOnlyForDeploymentPostprocessing = 0;
			shellPath = /bin/sh;
			shellScript = "diff \"${PODS_PODFILE_DIR_PATH}/Podfile.lock\" \"${PODS_ROOT}/Manifest.lock\" > /dev/null\nif [ $? != 0 ] ; then\n    # print error to STDERR\n    echo \"error: The sandbox is not in sync with the Podfile.lock. Run 'pod install' or update your CocoaPods installation.\" >&2\n    exit 1\nfi\n# This output is used by Xcode 'outputs' to avoid re-running this script phase.\necho \"SUCCESS\" > \"${SCRIPT_OUTPUT_FILE_0}\"\n";
			showEnvVarsInLog = 0;
		};
		87E3F359690050707106488A /* [CP] Embed Pods Frameworks */ = {
			isa = PBXShellScriptBuildPhase;
			buildActionMask = 2147483647;
			files = (
			);
			inputFileListPaths = (
				"${PODS_ROOT}/Target Support Files/Pods-Good Ones-Good OnesUITests/Pods-Good Ones-Good OnesUITests-frameworks-${CONFIGURATION}-input-files.xcfilelist",
			);
			name = "[CP] Embed Pods Frameworks";
			outputFileListPaths = (
				"${PODS_ROOT}/Target Support Files/Pods-Good Ones-Good OnesUITests/Pods-Good Ones-Good OnesUITests-frameworks-${CONFIGURATION}-output-files.xcfilelist",
			);
			runOnlyForDeploymentPostprocessing = 0;
			shellPath = /bin/sh;
			shellScript = "\"${PODS_ROOT}/Target Support Files/Pods-Good Ones-Good OnesUITests/Pods-Good Ones-Good OnesUITests-frameworks.sh\"\n";
			showEnvVarsInLog = 0;
		};
		8DF6E0F962D0743D53613893 /* [CP] Embed Pods Frameworks */ = {
			isa = PBXShellScriptBuildPhase;
			buildActionMask = 2147483647;
			files = (
			);
			inputFileListPaths = (
				"${PODS_ROOT}/Target Support Files/Pods-Good Ones/Pods-Good Ones-frameworks-${CONFIGURATION}-input-files.xcfilelist",
			);
			name = "[CP] Embed Pods Frameworks";
			outputFileListPaths = (
				"${PODS_ROOT}/Target Support Files/Pods-Good Ones/Pods-Good Ones-frameworks-${CONFIGURATION}-output-files.xcfilelist",
			);
			runOnlyForDeploymentPostprocessing = 0;
			shellPath = /bin/sh;
			shellScript = "\"${PODS_ROOT}/Target Support Files/Pods-Good Ones/Pods-Good Ones-frameworks.sh\"\n";
			showEnvVarsInLog = 0;
		};
/* End PBXShellScriptBuildPhase section */

/* Begin PBXSourcesBuildPhase section */
		0C9218C52831242B000FC55C /* Sources */ = {
			isa = PBXSourcesBuildPhase;
			buildActionMask = 2147483647;
			files = (
				0C9219332831EF82000FC55C /* Date+.swift in Sources */,
				0C92190928315E06000FC55C /* DragState.swift in Sources */,
				0C92191B2831AD36000FC55C /* Feedback.swift in Sources */,
				0C92191528317CF0000FC55C /* FakeRepository.swift in Sources */,
				0C9219272831C269000FC55C /* OnboardingView.swift in Sources */,
				0C7FC052283305DD006FE686 /* UIImage+.swift in Sources */,
				0C921903283148B6000FC55C /* CameraRollPictureProvider.swift in Sources */,
				0C92190728314EA8000FC55C /* CardCellView.swift in Sources */,
				0C7FC055283311EE006FE686 /* ImageSaver.swift in Sources */,
				0C9219252831BB80000FC55C /* FireworksGeometryEffect.swift in Sources */,
				0C92193B2832C9E2000FC55C /* SetupViewModel.swift in Sources */,
				0C92190E283173F4000FC55C /* SymbolModifier.swift in Sources */,
				0C92190128314885000FC55C /* GooglePhotoPictureProvider.swift in Sources */,
				0C92190528314C71000FC55C /* CardCollectionViewModel.swift in Sources */,
				0C9218FB283147F8000FC55C /* Picture.swift in Sources */,
				0C92193528327E24000FC55C /* UserDefaultsRepository.swift in Sources */,
				0C92192D2831C911000FC55C /* ScaleTextSizeModifier.swift in Sources */,
				0C9219372832C143000FC55C /* OnboardingViewModel.swift in Sources */,
				0C92192F2831C951000FC55C /* View+.swift in Sources */,
				0C9219232831BB38000FC55C /* FireworksModifier.swift in Sources */,
				0C92193E2832D6E4000FC55C /* Global.swift in Sources */,
				0C9218FF28314874000FC55C /* LocalPictureProvider.swift in Sources */,
				0C9219212831B98B000FC55C /* CongratulationsView.swift in Sources */,
				0C7FC04E2832FC70006FE686 /* AppDelegate.swift in Sources */,
				0C9218FD28314853000FC55C /* IPictureProvider.swift in Sources */,
				0C92191328317CDA000FC55C /* IRepository.swift in Sources */,
				0C9218CF2831242B000FC55C /* CardCollectionView.swift in Sources */,
				0C9219392832C6B5000FC55C /* SetupView.swift in Sources */,
				0C9218CD2831242B000FC55C /* GoodOnesApp.swift in Sources */,
			);
			runOnlyForDeploymentPostprocessing = 0;
		};
		0C9218D52831242F000FC55C /* Sources */ = {
			isa = PBXSourcesBuildPhase;
			buildActionMask = 2147483647;
			files = (
			);
			runOnlyForDeploymentPostprocessing = 0;
		};
		0C9218DF2831242F000FC55C /* Sources */ = {
			isa = PBXSourcesBuildPhase;
			buildActionMask = 2147483647;
			files = (
			);
			runOnlyForDeploymentPostprocessing = 0;
		};
/* End PBXSourcesBuildPhase section */

/* Begin PBXTargetDependency section */
		0C9218DB2831242F000FC55C /* PBXTargetDependency */ = {
			isa = PBXTargetDependency;
			target = 0C9218C82831242B000FC55C /* Good Ones */;
			targetProxy = 0C9218DA2831242F000FC55C /* PBXContainerItemProxy */;
		};
		0C9218E52831242F000FC55C /* PBXTargetDependency */ = {
			isa = PBXTargetDependency;
			target = 0C9218C82831242B000FC55C /* Good Ones */;
			targetProxy = 0C9218E42831242F000FC55C /* PBXContainerItemProxy */;
		};
/* End PBXTargetDependency section */

/* Begin XCBuildConfiguration section */
		0C9218EB2831242F000FC55C /* Debug */ = {
			isa = XCBuildConfiguration;
			buildSettings = {
				ALWAYS_SEARCH_USER_PATHS = NO;
				CLANG_ANALYZER_NONNULL = YES;
				CLANG_ANALYZER_NUMBER_OBJECT_CONVERSION = YES_AGGRESSIVE;
				CLANG_CXX_LANGUAGE_STANDARD = "gnu++17";
				CLANG_ENABLE_MODULES = YES;
				CLANG_ENABLE_OBJC_ARC = YES;
				CLANG_ENABLE_OBJC_WEAK = YES;
				CLANG_WARN_BLOCK_CAPTURE_AUTORELEASING = YES;
				CLANG_WARN_BOOL_CONVERSION = YES;
				CLANG_WARN_COMMA = YES;
				CLANG_WARN_CONSTANT_CONVERSION = YES;
				CLANG_WARN_DEPRECATED_OBJC_IMPLEMENTATIONS = YES;
				CLANG_WARN_DIRECT_OBJC_ISA_USAGE = YES_ERROR;
				CLANG_WARN_DOCUMENTATION_COMMENTS = YES;
				CLANG_WARN_EMPTY_BODY = YES;
				CLANG_WARN_ENUM_CONVERSION = YES;
				CLANG_WARN_INFINITE_RECURSION = YES;
				CLANG_WARN_INT_CONVERSION = YES;
				CLANG_WARN_NON_LITERAL_NULL_CONVERSION = YES;
				CLANG_WARN_OBJC_IMPLICIT_RETAIN_SELF = YES;
				CLANG_WARN_OBJC_LITERAL_CONVERSION = YES;
				CLANG_WARN_OBJC_ROOT_CLASS = YES_ERROR;
				CLANG_WARN_QUOTED_INCLUDE_IN_FRAMEWORK_HEADER = YES;
				CLANG_WARN_RANGE_LOOP_ANALYSIS = YES;
				CLANG_WARN_STRICT_PROTOTYPES = YES;
				CLANG_WARN_SUSPICIOUS_MOVE = YES;
				CLANG_WARN_UNGUARDED_AVAILABILITY = YES_AGGRESSIVE;
				CLANG_WARN_UNREACHABLE_CODE = YES;
				CLANG_WARN__DUPLICATE_METHOD_MATCH = YES;
				COPY_PHASE_STRIP = NO;
				DEBUG_INFORMATION_FORMAT = dwarf;
				ENABLE_STRICT_OBJC_MSGSEND = YES;
				ENABLE_TESTABILITY = YES;
				GCC_C_LANGUAGE_STANDARD = gnu11;
				GCC_DYNAMIC_NO_PIC = NO;
				GCC_NO_COMMON_BLOCKS = YES;
				GCC_OPTIMIZATION_LEVEL = 0;
				GCC_PREPROCESSOR_DEFINITIONS = (
					"DEBUG=1",
					"$(inherited)",
				);
				GCC_WARN_64_TO_32_BIT_CONVERSION = YES;
				GCC_WARN_ABOUT_RETURN_TYPE = YES_ERROR;
				GCC_WARN_UNDECLARED_SELECTOR = YES;
				GCC_WARN_UNINITIALIZED_AUTOS = YES_AGGRESSIVE;
				GCC_WARN_UNUSED_FUNCTION = YES;
				GCC_WARN_UNUSED_VARIABLE = YES;
				IPHONEOS_DEPLOYMENT_TARGET = 15.4;
				MTL_ENABLE_DEBUG_INFO = INCLUDE_SOURCE;
				MTL_FAST_MATH = YES;
				ONLY_ACTIVE_ARCH = YES;
				SDKROOT = iphoneos;
				SWIFT_ACTIVE_COMPILATION_CONDITIONS = DEBUG;
				SWIFT_OPTIMIZATION_LEVEL = "-Onone";
			};
			name = Debug;
		};
		0C9218EC2831242F000FC55C /* Release */ = {
			isa = XCBuildConfiguration;
			buildSettings = {
				ALWAYS_SEARCH_USER_PATHS = NO;
				CLANG_ANALYZER_NONNULL = YES;
				CLANG_ANALYZER_NUMBER_OBJECT_CONVERSION = YES_AGGRESSIVE;
				CLANG_CXX_LANGUAGE_STANDARD = "gnu++17";
				CLANG_ENABLE_MODULES = YES;
				CLANG_ENABLE_OBJC_ARC = YES;
				CLANG_ENABLE_OBJC_WEAK = YES;
				CLANG_WARN_BLOCK_CAPTURE_AUTORELEASING = YES;
				CLANG_WARN_BOOL_CONVERSION = YES;
				CLANG_WARN_COMMA = YES;
				CLANG_WARN_CONSTANT_CONVERSION = YES;
				CLANG_WARN_DEPRECATED_OBJC_IMPLEMENTATIONS = YES;
				CLANG_WARN_DIRECT_OBJC_ISA_USAGE = YES_ERROR;
				CLANG_WARN_DOCUMENTATION_COMMENTS = YES;
				CLANG_WARN_EMPTY_BODY = YES;
				CLANG_WARN_ENUM_CONVERSION = YES;
				CLANG_WARN_INFINITE_RECURSION = YES;
				CLANG_WARN_INT_CONVERSION = YES;
				CLANG_WARN_NON_LITERAL_NULL_CONVERSION = YES;
				CLANG_WARN_OBJC_IMPLICIT_RETAIN_SELF = YES;
				CLANG_WARN_OBJC_LITERAL_CONVERSION = YES;
				CLANG_WARN_OBJC_ROOT_CLASS = YES_ERROR;
				CLANG_WARN_QUOTED_INCLUDE_IN_FRAMEWORK_HEADER = YES;
				CLANG_WARN_RANGE_LOOP_ANALYSIS = YES;
				CLANG_WARN_STRICT_PROTOTYPES = YES;
				CLANG_WARN_SUSPICIOUS_MOVE = YES;
				CLANG_WARN_UNGUARDED_AVAILABILITY = YES_AGGRESSIVE;
				CLANG_WARN_UNREACHABLE_CODE = YES;
				CLANG_WARN__DUPLICATE_METHOD_MATCH = YES;
				COPY_PHASE_STRIP = NO;
				DEBUG_INFORMATION_FORMAT = "dwarf-with-dsym";
				ENABLE_NS_ASSERTIONS = NO;
				ENABLE_STRICT_OBJC_MSGSEND = YES;
				GCC_C_LANGUAGE_STANDARD = gnu11;
				GCC_NO_COMMON_BLOCKS = YES;
				GCC_WARN_64_TO_32_BIT_CONVERSION = YES;
				GCC_WARN_ABOUT_RETURN_TYPE = YES_ERROR;
				GCC_WARN_UNDECLARED_SELECTOR = YES;
				GCC_WARN_UNINITIALIZED_AUTOS = YES_AGGRESSIVE;
				GCC_WARN_UNUSED_FUNCTION = YES;
				GCC_WARN_UNUSED_VARIABLE = YES;
				IPHONEOS_DEPLOYMENT_TARGET = 15.4;
				MTL_ENABLE_DEBUG_INFO = NO;
				MTL_FAST_MATH = YES;
				SDKROOT = iphoneos;
				SWIFT_COMPILATION_MODE = wholemodule;
				SWIFT_OPTIMIZATION_LEVEL = "-O";
				VALIDATE_PRODUCT = YES;
			};
			name = Release;
		};
		0C9218EE2831242F000FC55C /* Debug */ = {
			isa = XCBuildConfiguration;
			baseConfigurationReference = 796BEB7A9BE2198FF0EA3729 /* Pods-Good Ones.debug.xcconfig */;
			buildSettings = {
				ASSETCATALOG_COMPILER_APPICON_NAME = AppIcon;
				ASSETCATALOG_COMPILER_GLOBAL_ACCENT_COLOR_NAME = AccentColor;
				CODE_SIGN_STYLE = Automatic;
				CURRENT_PROJECT_VERSION = 1;
				DEVELOPMENT_ASSET_PATHS = "\"Good Ones/Preview Content\"";
				DEVELOPMENT_TEAM = Z2AQRMWEPF;
				ENABLE_PREVIEWS = YES;
				GENERATE_INFOPLIST_FILE = YES;
				INFOPLIST_KEY_NSPhotoLibraryAddUsageDescription = "Add your favorite photos from Google to your iOS gallery";
				INFOPLIST_KEY_NSPhotoLibraryUsageDescription = "Allow us to help you selecting the Good Ones";
				INFOPLIST_KEY_UIApplicationSceneManifest_Generation = YES;
				INFOPLIST_KEY_UIApplicationSupportsIndirectInputEvents = YES;
				INFOPLIST_KEY_UILaunchScreen_Generation = YES;
				INFOPLIST_KEY_UISupportedInterfaceOrientations = UIInterfaceOrientationPortrait;
				INFOPLIST_KEY_UISupportedInterfaceOrientations_iPad = "UIInterfaceOrientationPortrait UIInterfaceOrientationPortraitUpsideDown UIInterfaceOrientationLandscapeLeft UIInterfaceOrientationLandscapeRight";
				INFOPLIST_KEY_UISupportedInterfaceOrientations_iPhone = UIInterfaceOrientationPortrait;
				LD_RUNPATH_SEARCH_PATHS = (
					"$(inherited)",
					"@executable_path/Frameworks",
				);
				MARKETING_VERSION = 1.0;
				PRODUCT_BUNDLE_IDENTIFIER = com.sl.goodones;
				PRODUCT_NAME = "$(TARGET_NAME)";
				SWIFT_EMIT_LOC_STRINGS = YES;
				SWIFT_VERSION = 5.0;
				TARGETED_DEVICE_FAMILY = "1,2";
			};
			name = Debug;
		};
		0C9218EF2831242F000FC55C /* Release */ = {
			isa = XCBuildConfiguration;
			baseConfigurationReference = 8C274AFB92B3A38AFED5FAAF /* Pods-Good Ones.release.xcconfig */;
			buildSettings = {
				ASSETCATALOG_COMPILER_APPICON_NAME = AppIcon;
				ASSETCATALOG_COMPILER_GLOBAL_ACCENT_COLOR_NAME = AccentColor;
				CODE_SIGN_STYLE = Automatic;
				CURRENT_PROJECT_VERSION = 1;
				DEVELOPMENT_ASSET_PATHS = "\"Good Ones/Preview Content\"";
				DEVELOPMENT_TEAM = Z2AQRMWEPF;
				ENABLE_PREVIEWS = YES;
				GENERATE_INFOPLIST_FILE = YES;
				INFOPLIST_KEY_NSPhotoLibraryAddUsageDescription = "Add your favorite photos from Google to your iOS gallery";
				INFOPLIST_KEY_NSPhotoLibraryUsageDescription = "Allow us to help you selecting the Good Ones";
				INFOPLIST_KEY_UIApplicationSceneManifest_Generation = YES;
				INFOPLIST_KEY_UIApplicationSupportsIndirectInputEvents = YES;
				INFOPLIST_KEY_UILaunchScreen_Generation = YES;
				INFOPLIST_KEY_UISupportedInterfaceOrientations = UIInterfaceOrientationPortrait;
				INFOPLIST_KEY_UISupportedInterfaceOrientations_iPad = "UIInterfaceOrientationPortrait UIInterfaceOrientationPortraitUpsideDown UIInterfaceOrientationLandscapeLeft UIInterfaceOrientationLandscapeRight";
				INFOPLIST_KEY_UISupportedInterfaceOrientations_iPhone = UIInterfaceOrientationPortrait;
				LD_RUNPATH_SEARCH_PATHS = (
					"$(inherited)",
					"@executable_path/Frameworks",
				);
				MARKETING_VERSION = 1.0;
				PRODUCT_BUNDLE_IDENTIFIER = com.sl.goodones;
				PRODUCT_NAME = "$(TARGET_NAME)";
				SWIFT_EMIT_LOC_STRINGS = YES;
				SWIFT_VERSION = 5.0;
				TARGETED_DEVICE_FAMILY = "1,2";
			};
			name = Release;
		};
		0C9218F12831242F000FC55C /* Debug */ = {
			isa = XCBuildConfiguration;
			baseConfigurationReference = 5D2019E3C14B0D8D2E620D5D /* Pods-Good OnesTests.debug.xcconfig */;
			buildSettings = {
				ALWAYS_EMBED_SWIFT_STANDARD_LIBRARIES = YES;
				BUNDLE_LOADER = "$(TEST_HOST)";
				CODE_SIGN_STYLE = Automatic;
				CURRENT_PROJECT_VERSION = 1;
				DEVELOPMENT_TEAM = Z2AQRMWEPF;
				GENERATE_INFOPLIST_FILE = YES;
				IPHONEOS_DEPLOYMENT_TARGET = 15.4;
				MARKETING_VERSION = 1.0;
				PRODUCT_BUNDLE_IDENTIFIER = "SL.Good-OnesTests";
				PRODUCT_NAME = "$(TARGET_NAME)";
				SWIFT_EMIT_LOC_STRINGS = NO;
				SWIFT_VERSION = 5.0;
				TARGETED_DEVICE_FAMILY = "1,2";
				TEST_HOST = "$(BUILT_PRODUCTS_DIR)/Good Ones.app/Good Ones";
			};
			name = Debug;
		};
		0C9218F22831242F000FC55C /* Release */ = {
			isa = XCBuildConfiguration;
			baseConfigurationReference = 4B4FF560F8E87C281783CA3A /* Pods-Good OnesTests.release.xcconfig */;
			buildSettings = {
				ALWAYS_EMBED_SWIFT_STANDARD_LIBRARIES = YES;
				BUNDLE_LOADER = "$(TEST_HOST)";
				CODE_SIGN_STYLE = Automatic;
				CURRENT_PROJECT_VERSION = 1;
				DEVELOPMENT_TEAM = Z2AQRMWEPF;
				GENERATE_INFOPLIST_FILE = YES;
				IPHONEOS_DEPLOYMENT_TARGET = 15.4;
				MARKETING_VERSION = 1.0;
				PRODUCT_BUNDLE_IDENTIFIER = "SL.Good-OnesTests";
				PRODUCT_NAME = "$(TARGET_NAME)";
				SWIFT_EMIT_LOC_STRINGS = NO;
				SWIFT_VERSION = 5.0;
				TARGETED_DEVICE_FAMILY = "1,2";
				TEST_HOST = "$(BUILT_PRODUCTS_DIR)/Good Ones.app/Good Ones";
			};
			name = Release;
		};
		0C9218F42831242F000FC55C /* Debug */ = {
			isa = XCBuildConfiguration;
			baseConfigurationReference = 3BCA3BBA4D7FB235A003D1EB /* Pods-Good Ones-Good OnesUITests.debug.xcconfig */;
			buildSettings = {
				ALWAYS_EMBED_SWIFT_STANDARD_LIBRARIES = YES;
				CODE_SIGN_STYLE = Automatic;
				CURRENT_PROJECT_VERSION = 1;
				DEVELOPMENT_TEAM = Z2AQRMWEPF;
				GENERATE_INFOPLIST_FILE = YES;
				MARKETING_VERSION = 1.0;
				PRODUCT_BUNDLE_IDENTIFIER = "SL.Good-OnesUITests";
				PRODUCT_NAME = "$(TARGET_NAME)";
				SWIFT_EMIT_LOC_STRINGS = NO;
				SWIFT_VERSION = 5.0;
				TARGETED_DEVICE_FAMILY = "1,2";
				TEST_TARGET_NAME = "Good Ones";
			};
			name = Debug;
		};
		0C9218F52831242F000FC55C /* Release */ = {
			isa = XCBuildConfiguration;
			baseConfigurationReference = 4E0783B995BA1E9239AEC34B /* Pods-Good Ones-Good OnesUITests.release.xcconfig */;
			buildSettings = {
				ALWAYS_EMBED_SWIFT_STANDARD_LIBRARIES = YES;
				CODE_SIGN_STYLE = Automatic;
				CURRENT_PROJECT_VERSION = 1;
				DEVELOPMENT_TEAM = Z2AQRMWEPF;
				GENERATE_INFOPLIST_FILE = YES;
				MARKETING_VERSION = 1.0;
				PRODUCT_BUNDLE_IDENTIFIER = "SL.Good-OnesUITests";
				PRODUCT_NAME = "$(TARGET_NAME)";
				SWIFT_EMIT_LOC_STRINGS = NO;
				SWIFT_VERSION = 5.0;
				TARGETED_DEVICE_FAMILY = "1,2";
				TEST_TARGET_NAME = "Good Ones";
			};
			name = Release;
		};
/* End XCBuildConfiguration section */

/* Begin XCConfigurationList section */
		0C9218C42831242B000FC55C /* Build configuration list for PBXProject "Good Ones" */ = {
			isa = XCConfigurationList;
			buildConfigurations = (
				0C9218EB2831242F000FC55C /* Debug */,
				0C9218EC2831242F000FC55C /* Release */,
			);
			defaultConfigurationIsVisible = 0;
			defaultConfigurationName = Release;
		};
		0C9218ED2831242F000FC55C /* Build configuration list for PBXNativeTarget "Good Ones" */ = {
			isa = XCConfigurationList;
			buildConfigurations = (
				0C9218EE2831242F000FC55C /* Debug */,
				0C9218EF2831242F000FC55C /* Release */,
			);
			defaultConfigurationIsVisible = 0;
			defaultConfigurationName = Release;
		};
		0C9218F02831242F000FC55C /* Build configuration list for PBXNativeTarget "Good OnesTests" */ = {
			isa = XCConfigurationList;
			buildConfigurations = (
				0C9218F12831242F000FC55C /* Debug */,
				0C9218F22831242F000FC55C /* Release */,
			);
			defaultConfigurationIsVisible = 0;
			defaultConfigurationName = Release;
		};
		0C9218F32831242F000FC55C /* Build configuration list for PBXNativeTarget "Good OnesUITests" */ = {
			isa = XCConfigurationList;
			buildConfigurations = (
				0C9218F42831242F000FC55C /* Debug */,
				0C9218F52831242F000FC55C /* Release */,
			);
			defaultConfigurationIsVisible = 0;
			defaultConfigurationName = Release;
		};
/* End XCConfigurationList section */
	};
	rootObject = 0C9218C12831242B000FC55C /* Project object */;
}
